
Microsoft Visual Studio Solution File, Format Version 12.00
Project("{FAE04EC0-301F-11D3-BF4B-00C04F79EFBC}") = "hackathon", "hackathon\hackathon.csproj", "{52E5875E-84F3-45A2-B7DA-AE06D1DF89A0}"
EndProject
Project("{FAE04EC0-301F-11D3-BF4B-00C04F79EFBC}") = "hackathon.tests", "hackathon.tests\hackathon.tests.csproj", "{5AED70E1-6303-47E3-8292-C7F771A0C79A}"
EndProject
Global
	GlobalSection(SolutionConfigurationPlatforms) = preSolution
		Debug|Any CPU = Debug|Any CPU
		Release|Any CPU = Release|Any CPU
	EndGlobalSection
	GlobalSection(ProjectConfigurationPlatforms) = postSolution
		{52E5875E-84F3-45A2-B7DA-AE06D1DF89A0}.Debug|Any CPU.ActiveCfg = Debug|Any CPU
		{52E5875E-84F3-45A2-B7DA-AE06D1DF89A0}.Debug|Any CPU.Build.0 = Debug|Any CPU
		{52E5875E-84F3-45A2-B7DA-AE06D1DF89A0}.Release|Any CPU.ActiveCfg = Release|Any CPU
		{52E5875E-84F3-45A2-B7DA-AE06D1DF89A0}.Release|Any CPU.Build.0 = Release|Any CPU
		{5AED70E1-6303-47E3-8292-C7F771A0C79A}.Debug|Any CPU.ActiveCfg = Debug|Any CPU
		{5AED70E1-6303-47E3-8292-C7F771A0C79A}.Debug|Any CPU.Build.0 = Debug|Any CPU
		{5AED70E1-6303-47E3-8292-C7F771A0C79A}.Release|Any CPU.ActiveCfg = Release|Any CPU
		{5AED70E1-6303-47E3-8292-C7F771A0C79A}.Release|Any CPU.Build.0 = Release|Any CPU
	EndGlobalSection
EndGlobal
